{
  "name": "Bookmark++",
  "lockfileVersion": 3,
  "requires": true,
  "packages": {
    "": {
      "dependencies": {
        "chrome-types": "^0.1.218"
      }
    },
    "node_modules/chrome-types": {
      "version": "0.1.218",
      "resolved": "https://registry.npmjs.org/chrome-types/-/chrome-types-0.1.218.tgz",
      "integrity": "sha512-ILmEI1Q3AWrul4a00R8KI5Rq25KWuwAPJ32LiXrCRC68Rk9kAyBerEobb1QIQFEE+snX0RXvlzGV5xxfzY+GVQ=="
    }
  }
}
